
Microsoft Visual Studio Solution File, Format Version 12.00
# Visual Studio Version 16
VisualStudioVersion = 16.0.31205.134
MinimumVisualStudioVersion = 10.0.40219.1
Project("{FAE04EC0-301F-11D3-BF4B-00C04F79EFBC}") = "OlharDeMenina", "OlharDeMenina\OlharDeMenina.csproj", "{8FE8AF93-F407-43E3-B13A-A181F45013E6}"
EndProject
Global
	GlobalSection(SolutionConfigurationPlatforms) = preSolution
		Debug|Any CPU = Debug|Any CPU
		Release|Any CPU = Release|Any CPU
	EndGlobalSection
	GlobalSection(ProjectConfigurationPlatforms) = postSolution
		{8FE8AF93-F407-43E3-B13A-A181F45013E6}.Debug|Any CPU.ActiveCfg = Debug|Any CPU
		{8FE8AF93-F407-43E3-B13A-A181F45013E6}.Debug|Any CPU.Build.0 = Debug|Any CPU
		{8FE8AF93-F407-43E3-B13A-A181F45013E6}.Release|Any CPU.ActiveCfg = Release|Any CPU
		{8FE8AF93-F407-43E3-B13A-A181F45013E6}.Release|Any CPU.Build.0 = Release|Any CPU
	EndGlobalSection
	GlobalSection(SolutionProperties) = preSolution
		HideSolutionNode = FALSE
	EndGlobalSection
	GlobalSection(ExtensibilityGlobals) = postSolution
		SolutionGuid = {6C993623-F29B-46B1-B532-D4E7249D887C}
	EndGlobalSection
EndGlobal
